Microsoft Visual Studio Solution File, Format Version 12.00
# Visual Studio Version 17
VisualStudioVersion = 17.5.2.0
MinimumVisualStudioVersion = 10.0.40219.1
Project("{FAE04EC0-301F-11D3-BF4B-00C04F79EFBC}") = "ProjectRecipe", "ProjectRecipe\ProjectRecipe.csproj", "{908AE997-0F2F-F6E8-3CCD-6840B9504D6A}"
EndProject
Global
	GlobalSection(SolutionConfigurationPlatforms) = preSolution
		Debug|Any CPU = Debug|Any CPU
		Release|Any CPU = Release|Any CPU
	EndGlobalSection
	GlobalSection(ProjectConfigurationPlatforms) = postSolution
		{908AE997-0F2F-F6E8-3CCD-6840B9504D6A}.Debug|Any CPU.ActiveCfg = Debug|Any CPU
		{908AE997-0F2F-F6E8-3CCD-6840B9504D6A}.Debug|Any CPU.Build.0 = Debug|Any CPU
		{908AE997-0F2F-F6E8-3CCD-6840B9504D6A}.Release|Any CPU.ActiveCfg = Release|Any CPU
		{908AE997-0F2F-F6E8-3CCD-6840B9504D6A}.Release|Any CPU.Build.0 = Release|Any CPU
	EndGlobalSection
	GlobalSection(SolutionProperties) = preSolution
		HideSolutionNode = FALSE
	EndGlobalSection
	GlobalSection(ExtensibilityGlobals) = postSolution
		SolutionGuid = {B4F01DE8-704F-439C-A43B-F5AF093A20B0}
	EndGlobalSection
EndGlobal
